
Microsoft Visual Studio Solution File, Format Version 12.00
# Visual Studio Version 16
VisualStudioVersion = 16.0.30114.105
MinimumVisualStudioVersion = 10.0.40219.1
Project("{9A19103F-16F7-4668-BE54-9A1E7A4F7556}") = "TgimbaNetCoreWeb", "TgimbaNetCoreWeb\TgimbaNetCoreWeb.csproj", "{1B344C78-B76E-47B7-AC71-05B0319BDA0A}"
EndProject
Project("{2150E333-8FDC-42A3-9474-1A3956D46DE8}") = "Containerization", "Containerization", "{EA3189B7-BA7F-4D4F-B3D1-4564A2C3C409}"
	ProjectSection(SolutionItems) = preProject
		Dockerfile = Dockerfile
		Containerization\EC2LambdaCreation.js = Containerization\EC2LambdaCreation.js
		Containerization\TgimbaApache.conf = Containerization\TgimbaApache.conf
	EndProjectSection
EndProject
Project("{9A19103F-16F7-4668-BE54-9A1E7A4F7556}") = "Algorithms", "Algorithms\Algorithms.csproj", "{A12A73E3-20FA-4BF1-92FC-644E0024E7D5}"
EndProject
Project("{9A19103F-16F7-4668-BE54-9A1E7A4F7556}") = "BLLNetCore", "BLLNetCore\BLLNetCore.csproj", "{F0EE378B-2997-488D-8D7B-36E49ECAF2DC}"
EndProject
Project("{9A19103F-16F7-4668-BE54-9A1E7A4F7556}") = "DALNetCore", "DALNetCore\DALNetCore.csproj", "{EEC9DA43-55DE-4899-944E-AC2138012BC2}"
EndProject
Project("{9A19103F-16F7-4668-BE54-9A1E7A4F7556}") = "Shared", "Shared\Shared.csproj", "{F796E478-3EE8-4097-A1F1-1B9A75CBA963}"
EndProject
Project("{9A19103F-16F7-4668-BE54-9A1E7A4F7556}") = "TgimbaNetCoreWebShared", "TgimbaNetCoreWebShared\TgimbaNetCoreWebShared.csproj", "{46288FEB-8E4F-4840-8983-CC95026B6C64}"
EndProject
Project("{2150E333-8FDC-42A3-9474-1A3956D46DE8}") = "AuroraPostgreSQLDatabase", "AuroraPostgreSQLDatabase", "{0809BB76-6870-4657-BD62-D1BE8EAE8006}"
	ProjectSection(SolutionItems) = preProject
		AuroraPostgreSQLDatabase\CreateScript.sql = AuroraPostgreSQLDatabase\CreateScript.sql
	EndProjectSection
EndProject
Global
	GlobalSection(SolutionConfigurationPlatforms) = preSolution
		Debug|Any CPU = Debug|Any CPU
		Release|Any CPU = Release|Any CPU
	EndGlobalSection
	GlobalSection(ProjectConfigurationPlatforms) = postSolution
		{1B344C78-B76E-47B7-AC71-05B0319BDA0A}.Debug|Any CPU.ActiveCfg = Debug|Any CPU
		{1B344C78-B76E-47B7-AC71-05B0319BDA0A}.Debug|Any CPU.Build.0 = Debug|Any CPU
		{1B344C78-B76E-47B7-AC71-05B0319BDA0A}.Release|Any CPU.ActiveCfg = Release|Any CPU
		{1B344C78-B76E-47B7-AC71-05B0319BDA0A}.Release|Any CPU.Build.0 = Release|Any CPU
		{A12A73E3-20FA-4BF1-92FC-644E0024E7D5}.Debug|Any CPU.ActiveCfg = Debug|Any CPU
		{A12A73E3-20FA-4BF1-92FC-644E0024E7D5}.Debug|Any CPU.Build.0 = Debug|Any CPU
		{A12A73E3-20FA-4BF1-92FC-644E0024E7D5}.Release|Any CPU.ActiveCfg = Release|Any CPU
		{A12A73E3-20FA-4BF1-92FC-644E0024E7D5}.Release|Any CPU.Build.0 = Release|Any CPU
		{F0EE378B-2997-488D-8D7B-36E49ECAF2DC}.Debug|Any CPU.ActiveCfg = Debug|Any CPU
		{F0EE378B-2997-488D-8D7B-36E49ECAF2DC}.Debug|Any CPU.Build.0 = Debug|Any CPU
		{F0EE378B-2997-488D-8D7B-36E49ECAF2DC}.Release|Any CPU.ActiveCfg = Release|Any CPU
		{F0EE378B-2997-488D-8D7B-36E49ECAF2DC}.Release|Any CPU.Build.0 = Release|Any CPU
		{EEC9DA43-55DE-4899-944E-AC2138012BC2}.Debug|Any CPU.ActiveCfg = Debug|Any CPU
		{EEC9DA43-55DE-4899-944E-AC2138012BC2}.Debug|Any CPU.Build.0 = Debug|Any CPU
		{EEC9DA43-55DE-4899-944E-AC2138012BC2}.Release|Any CPU.ActiveCfg = Release|Any CPU
		{EEC9DA43-55DE-4899-944E-AC2138012BC2}.Release|Any CPU.Build.0 = Release|Any CPU
		{F796E478-3EE8-4097-A1F1-1B9A75CBA963}.Debug|Any CPU.ActiveCfg = Debug|Any CPU
		{F796E478-3EE8-4097-A1F1-1B9A75CBA963}.Debug|Any CPU.Build.0 = Debug|Any CPU
		{F796E478-3EE8-4097-A1F1-1B9A75CBA963}.Release|Any CPU.ActiveCfg = Release|Any CPU
		{F796E478-3EE8-4097-A1F1-1B9A75CBA963}.Release|Any CPU.Build.0 = Release|Any CPU
		{46288FEB-8E4F-4840-8983-CC95026B6C64}.Debug|Any CPU.ActiveCfg = Debug|Any CPU
		{46288FEB-8E4F-4840-8983-CC95026B6C64}.Debug|Any CPU.Build.0 = Debug|Any CPU
		{46288FEB-8E4F-4840-8983-CC95026B6C64}.Release|Any CPU.ActiveCfg = Release|Any CPU
		{46288FEB-8E4F-4840-8983-CC95026B6C64}.Release|Any CPU.Build.0 = Release|Any CPU
	EndGlobalSection
	GlobalSection(SolutionProperties) = preSolution
		HideSolutionNode = FALSE
	EndGlobalSection
	GlobalSection(ExtensibilityGlobals) = postSolution
		SolutionGuid = {CF1D01F7-6C84-4BB5-9031-E46027EA5FFE}
	EndGlobalSection
EndGlobal
