
Microsoft Visual Studio Solution File, Format Version 12.00
# Visual Studio Version 16
VisualStudioVersion = 16.0.30114.105
MinimumVisualStudioVersion = 10.0.40219.1
Project("{9A19103F-16F7-4668-BE54-9A1E7A4F7556}") = "TgimbaNetCoreWeb", "TgimbaNetCoreWeb\TgimbaNetCoreWeb.csproj", "{1B344C78-B76E-47B7-AC71-05B0319BDA0A}"
EndProject
Project("{2150E333-8FDC-42A3-9474-1A3956D46DE8}") = "Containerization", "Containerization", "{EA3189B7-BA7F-4D4F-B3D1-4564A2C3C409}"
	ProjectSection(SolutionItems) = preProject
		Containerization\ClearSourceCodeS3Bucket.js = Containerization\ClearSourceCodeS3Bucket.js
		Dockerfile = Dockerfile
		Containerization\EC2LambdaCreation.js = Containerization\EC2LambdaCreation.js
		Containerization\TgimbaApache.conf = Containerization\TgimbaApache.conf
	EndProjectSection
EndProject
Project("{9A19103F-16F7-4668-BE54-9A1E7A4F7556}") = "Algorithms", "Algorithms\Algorithms.csproj", "{A12A73E3-20FA-4BF1-92FC-644E0024E7D5}"
EndProject
Project("{9A19103F-16F7-4668-BE54-9A1E7A4F7556}") = "BLL", "BLLNetCore\BLL.csproj", "{F0EE378B-2997-488D-8D7B-36E49ECAF2DC}"
EndProject
Project("{9A19103F-16F7-4668-BE54-9A1E7A4F7556}") = "DALSqlServer", "DALNetCore\DALSqlServer.csproj", "{EEC9DA43-55DE-4899-944E-AC2138012BC2}"
EndProject
Project("{9A19103F-16F7-4668-BE54-9A1E7A4F7556}") = "Shared", "Shared\Shared.csproj", "{F796E478-3EE8-4097-A1F1-1B9A75CBA963}"
EndProject
Project("{9A19103F-16F7-4668-BE54-9A1E7A4F7556}") = "TgimbaNetCoreWebShared", "TgimbaNetCoreWebShared\TgimbaNetCoreWebShared.csproj", "{46288FEB-8E4F-4840-8983-CC95026B6C64}"
EndProject
Project("{2150E333-8FDC-42A3-9474-1A3956D46DE8}") = "AuroraPostgreSQLDatabase", "AuroraPostgreSQLDatabase", "{0809BB76-6870-4657-BD62-D1BE8EAE8006}"
	ProjectSection(SolutionItems) = preProject
		AuroraPostgreSQLDatabase\CreateScript.sql = AuroraPostgreSQLDatabase\CreateScript.sql
	EndProjectSection
EndProject
Project("{2150E333-8FDC-42A3-9474-1A3956D46DE8}") = "AzureSqlDatabase", "AzureSqlDatabase", "{B0FAD456-E817-4084-AD39-E85694ECCE77}"
	ProjectSection(SolutionItems) = preProject
		CreateScript.sql = CreateScript.sql
		InsertScript.sql = InsertScript.sql
	EndProjectSection
EndProject
Project("{9A19103F-16F7-4668-BE54-9A1E7A4F7556}") = "Automation", "Automation\Automation.csproj", "{4696816A-9F39-4114-B250-7601BBF25CB1}"
EndProject
Project("{9A19103F-16F7-4668-BE54-9A1E7A4F7556}") = "DALBlobStorage", "DALBlobStorage\DALBlobStorage.csproj", "{CB7B1A93-F5AB-4AD5-BD7E-07B493C9F657}"
EndProject
Project("{9A19103F-16F7-4668-BE54-9A1E7A4F7556}") = "TestsAlgorithms-Unit", "Algorithms-Unit\TestsAlgorithms-Unit.csproj", "{8792782C-0BB0-4B9B-A6A5-229C3D8A5FE7}"
EndProject
Project("{9A19103F-16F7-4668-BE54-9A1E7A4F7556}") = "TestsBLLNetCore-Unit", "TestAPINetCore-Unit\TestsBLLNetCore-Unit.csproj", "{5DFD8C8C-AC94-45E3-A22F-B45645836AFE}"
EndProject
Project("{9A19103F-16F7-4668-BE54-9A1E7A4F7556}") = "TestsShared-Unit", "TestShared\TestsShared-Unit.csproj", "{90161662-0FEB-42A3-B299-A15E5F6ADC8C}"
EndProject
Project("{9A19103F-16F7-4668-BE54-9A1E7A4F7556}") = "TestsTgimbaNetCoreWeb-Unit", "TestTgimbaNetCoreWeb\TestsTgimbaNetCoreWeb-Unit.csproj", "{D3C7A4F9-0C7F-4879-8481-9027C474054E}"
EndProject
Global
	GlobalSection(SolutionConfigurationPlatforms) = preSolution
		Debug|Any CPU = Debug|Any CPU
		Release|Any CPU = Release|Any CPU
	EndGlobalSection
	GlobalSection(ProjectConfigurationPlatforms) = postSolution
		{1B344C78-B76E-47B7-AC71-05B0319BDA0A}.Debug|Any CPU.ActiveCfg = Debug|Any CPU
		{1B344C78-B76E-47B7-AC71-05B0319BDA0A}.Debug|Any CPU.Build.0 = Debug|Any CPU
		{1B344C78-B76E-47B7-AC71-05B0319BDA0A}.Release|Any CPU.ActiveCfg = Release|Any CPU
		{1B344C78-B76E-47B7-AC71-05B0319BDA0A}.Release|Any CPU.Build.0 = Release|Any CPU
		{A12A73E3-20FA-4BF1-92FC-644E0024E7D5}.Debug|Any CPU.ActiveCfg = Debug|Any CPU
		{A12A73E3-20FA-4BF1-92FC-644E0024E7D5}.Debug|Any CPU.Build.0 = Debug|Any CPU
		{A12A73E3-20FA-4BF1-92FC-644E0024E7D5}.Release|Any CPU.ActiveCfg = Release|Any CPU
		{A12A73E3-20FA-4BF1-92FC-644E0024E7D5}.Release|Any CPU.Build.0 = Release|Any CPU
		{F0EE378B-2997-488D-8D7B-36E49ECAF2DC}.Debug|Any CPU.ActiveCfg = Debug|Any CPU
		{F0EE378B-2997-488D-8D7B-36E49ECAF2DC}.Debug|Any CPU.Build.0 = Debug|Any CPU
		{F0EE378B-2997-488D-8D7B-36E49ECAF2DC}.Release|Any CPU.ActiveCfg = Release|Any CPU
		{F0EE378B-2997-488D-8D7B-36E49ECAF2DC}.Release|Any CPU.Build.0 = Release|Any CPU
		{EEC9DA43-55DE-4899-944E-AC2138012BC2}.Debug|Any CPU.ActiveCfg = Debug|Any CPU
		{EEC9DA43-55DE-4899-944E-AC2138012BC2}.Debug|Any CPU.Build.0 = Debug|Any CPU
		{EEC9DA43-55DE-4899-944E-AC2138012BC2}.Release|Any CPU.ActiveCfg = Release|Any CPU
		{EEC9DA43-55DE-4899-944E-AC2138012BC2}.Release|Any CPU.Build.0 = Release|Any CPU
		{F796E478-3EE8-4097-A1F1-1B9A75CBA963}.Debug|Any CPU.ActiveCfg = Debug|Any CPU
		{F796E478-3EE8-4097-A1F1-1B9A75CBA963}.Debug|Any CPU.Build.0 = Debug|Any CPU
		{F796E478-3EE8-4097-A1F1-1B9A75CBA963}.Release|Any CPU.ActiveCfg = Release|Any CPU
		{F796E478-3EE8-4097-A1F1-1B9A75CBA963}.Release|Any CPU.Build.0 = Release|Any CPU
		{46288FEB-8E4F-4840-8983-CC95026B6C64}.Debug|Any CPU.ActiveCfg = Debug|Any CPU
		{46288FEB-8E4F-4840-8983-CC95026B6C64}.Debug|Any CPU.Build.0 = Debug|Any CPU
		{46288FEB-8E4F-4840-8983-CC95026B6C64}.Release|Any CPU.ActiveCfg = Release|Any CPU
		{46288FEB-8E4F-4840-8983-CC95026B6C64}.Release|Any CPU.Build.0 = Release|Any CPU
		{4696816A-9F39-4114-B250-7601BBF25CB1}.Debug|Any CPU.ActiveCfg = Debug|Any CPU
		{4696816A-9F39-4114-B250-7601BBF25CB1}.Debug|Any CPU.Build.0 = Debug|Any CPU
		{4696816A-9F39-4114-B250-7601BBF25CB1}.Release|Any CPU.ActiveCfg = Release|Any CPU
		{4696816A-9F39-4114-B250-7601BBF25CB1}.Release|Any CPU.Build.0 = Release|Any CPU
		{CB7B1A93-F5AB-4AD5-BD7E-07B493C9F657}.Debug|Any CPU.ActiveCfg = Debug|Any CPU
		{CB7B1A93-F5AB-4AD5-BD7E-07B493C9F657}.Debug|Any CPU.Build.0 = Debug|Any CPU
		{CB7B1A93-F5AB-4AD5-BD7E-07B493C9F657}.Release|Any CPU.ActiveCfg = Release|Any CPU
		{CB7B1A93-F5AB-4AD5-BD7E-07B493C9F657}.Release|Any CPU.Build.0 = Release|Any CPU
		{8792782C-0BB0-4B9B-A6A5-229C3D8A5FE7}.Debug|Any CPU.ActiveCfg = Debug|Any CPU
		{8792782C-0BB0-4B9B-A6A5-229C3D8A5FE7}.Debug|Any CPU.Build.0 = Debug|Any CPU
		{8792782C-0BB0-4B9B-A6A5-229C3D8A5FE7}.Release|Any CPU.ActiveCfg = Release|Any CPU
		{8792782C-0BB0-4B9B-A6A5-229C3D8A5FE7}.Release|Any CPU.Build.0 = Release|Any CPU
		{5DFD8C8C-AC94-45E3-A22F-B45645836AFE}.Debug|Any CPU.ActiveCfg = Debug|Any CPU
		{5DFD8C8C-AC94-45E3-A22F-B45645836AFE}.Debug|Any CPU.Build.0 = Debug|Any CPU
		{5DFD8C8C-AC94-45E3-A22F-B45645836AFE}.Release|Any CPU.ActiveCfg = Release|Any CPU
		{5DFD8C8C-AC94-45E3-A22F-B45645836AFE}.Release|Any CPU.Build.0 = Release|Any CPU
		{90161662-0FEB-42A3-B299-A15E5F6ADC8C}.Debug|Any CPU.ActiveCfg = Debug|Any CPU
		{90161662-0FEB-42A3-B299-A15E5F6ADC8C}.Debug|Any CPU.Build.0 = Debug|Any CPU
		{90161662-0FEB-42A3-B299-A15E5F6ADC8C}.Release|Any CPU.ActiveCfg = Release|Any CPU
		{90161662-0FEB-42A3-B299-A15E5F6ADC8C}.Release|Any CPU.Build.0 = Release|Any CPU
		{D3C7A4F9-0C7F-4879-8481-9027C474054E}.Debug|Any CPU.ActiveCfg = Debug|Any CPU
		{D3C7A4F9-0C7F-4879-8481-9027C474054E}.Debug|Any CPU.Build.0 = Debug|Any CPU
		{D3C7A4F9-0C7F-4879-8481-9027C474054E}.Release|Any CPU.ActiveCfg = Release|Any CPU
		{D3C7A4F9-0C7F-4879-8481-9027C474054E}.Release|Any CPU.Build.0 = Release|Any CPU
	EndGlobalSection
	GlobalSection(SolutionProperties) = preSolution
		HideSolutionNode = FALSE
	EndGlobalSection
	GlobalSection(ExtensibilityGlobals) = postSolution
		SolutionGuid = {CF1D01F7-6C84-4BB5-9031-E46027EA5FFE}
	EndGlobalSection
EndGlobal
